
Microsoft Visual Studio Solution File, Format Version 12.00
# Visual Studio Version 16
VisualStudioVersion = 16.0.29509.3
MinimumVisualStudioVersion = 10.0.40219.1
Project("{FAE04EC0-301F-11D3-BF4B-00C04F79EFBC}") = "Vidly", "Vidly\Vidly.csproj", "{6CFC4B2E-A880-4D70-9B1E-79E783C5C8F6}"
EndProject
Global
	GlobalSection(SolutionConfigurationPlatforms) = preSolution
		Debug|Any CPU = Debug|Any CPU
		Release|Any CPU = Release|Any CPU
	EndGlobalSection
	GlobalSection(ProjectConfigurationPlatforms) = postSolution
		{6CFC4B2E-A880-4D70-9B1E-79E783C5C8F6}.Debug|Any CPU.ActiveCfg = Debug|Any CPU
		{6CFC4B2E-A880-4D70-9B1E-79E783C5C8F6}.Debug|Any CPU.Build.0 = Debug|Any CPU
		{6CFC4B2E-A880-4D70-9B1E-79E783C5C8F6}.Release|Any CPU.ActiveCfg = Release|Any CPU
		{6CFC4B2E-A880-4D70-9B1E-79E783C5C8F6}.Release|Any CPU.Build.0 = Release|Any CPU
	EndGlobalSection
	GlobalSection(SolutionProperties) = preSolution
		HideSolutionNode = FALSE
	EndGlobalSection
	GlobalSection(ExtensibilityGlobals) = postSolution
		SolutionGuid = {F5A5A492-996E-402E-B281-D1A56C6F448B}
	EndGlobalSection
EndGlobal
